Microsoft Visual Studio Solution File, Format Version 11.00
# Visual Studio 2017

Project("{8BC9CEB8-8B4A-11D0-8D11-00A0C91BC942}") = "GildedRose - App", "GildedRose_App.vcxproj", "{62C610E9-A4C3-0A5B-9536-684D1DACE334}"
EndProject
Global
	GlobalSection(SolutionConfigurationPlatforms) = preSolution
		Debug|x64 = Debug|x64
		Release|x64 = Release|x64
	EndGlobalSection
	GlobalSection(ProjectConfigurationPlatforms) = postSolution
		{62C610E9-A4C3-0A5B-9536-684D1DACE334}.Debug|x64.ActiveCfg = Debug|x64
		{62C610E9-A4C3-0A5B-9536-684D1DACE334}.Debug|x64.Build.0 = Debug|x64
		{62C610E9-A4C3-0A5B-9536-684D1DACE334}.Release|x64.ActiveCfg = Release|x64
		{62C610E9-A4C3-0A5B-9536-684D1DACE334}.Release|x64.Build.0 = Release|x64
	EndGlobalSection
	GlobalSection(SolutionProperties) = preSolution
		HideSolutionNode = FALSE
	EndGlobalSection
EndGlobal
